<?xml version="1.0" encoding="utf-8"?>
<Project ToolsVersion="4.0" xmlns="http://schemas.microsoft.com/developer/msbuild/2003">
  <ItemGroup>
    <None Include="Android.mk" />
    <None Include="Application.mk" />
    <None Include="bmbfmod.json" />
    <None Include="qpm.json" />
    <None Include=".gitignore" />
    <None Include="ndkbuild.props" Condition="Exists('ndkbuild.props')" />
    <None Include="cpp.hint" />
  </ItemGroup>
  <ItemGroup>
    <Filter Include="src">
      <UniqueIdentifier>{26aa2093-dfac-466e-b80f-f369a2dd2bea}</UniqueIdentifier>
    </Filter>
    <Filter Include="include">
      <UniqueIdentifier>{8fdd278c-c854-40e0-a614-f3d62ad57a72}</UniqueIdentifier>
    </Filter>
    <Filter Include="src\Packets">
      <UniqueIdentifier>{a299ad5d-4941-44b0-8256-1834e745294b}</UniqueIdentifier>
    </Filter>
    <Filter Include="src\Beatmaps">
      <UniqueIdentifier>{c10d61fe-9c5f-4606-a463-7488b96cbaa6}</UniqueIdentifier>
    </Filter>
    <Filter Include="include\Beatmaps">
      <UniqueIdentifier>{3b81cab7-42da-4cb1-9288-2c01308f3473}</UniqueIdentifier>
    </Filter>
    <Filter Include="include\Packets">
      <UniqueIdentifier>{887c95fa-1cf7-4668-bea7-e022d31b7a98}</UniqueIdentifier>
    </Filter>
  </ItemGroup>
  <ItemGroup>
    <ClCompile Include="src\main.cpp">
      <Filter>src</Filter>
    </ClCompile>
    <ClCompile Include="src\Packets\PacketManager.cpp">
      <Filter>src\Packets</Filter>
    </ClCompile>
    <ClCompile Include="src\Packets\PacketSerializer.cpp">
      <Filter>src\Packets</Filter>
    </ClCompile>
    <ClCompile Include="src\Beatmaps\PreviewBeatmapPacket.cpp">
      <Filter>src\Beatmaps</Filter>
    </ClCompile>
    <ClCompile Include="src\Beatmaps\PreviewBeatmapStub.cpp">
      <Filter>src\Beatmaps</Filter>
    </ClCompile>
  </ItemGroup>
  <ItemGroup>
    <ClInclude Include="include\main.hpp">
      <Filter>include</Filter>
    </ClInclude>
    <ClInclude Include="include\Beatmaps\PreviewBeatmapPacket.hpp">
      <Filter>include\Beatmaps</Filter>
    </ClInclude>
    <ClInclude Include="include\Beatmaps\PreviewBeatmapStub.hpp">
      <Filter>include\Beatmaps</Filter>
    </ClInclude>
    <ClInclude Include="include\Packets\PacketManager.hpp">
      <Filter>include\Packets</Filter>
    </ClInclude>
    <ClInclude Include="include\Packets\PacketSerializer.hpp">
      <Filter>include\Packets</Filter>
    </ClInclude>
    <ClInclude Include="include\Packets\Callback.hpp">
      <Filter>include\Packets</Filter>
    </ClInclude>
    <ClInclude Include="extern\songloader\shared\API.hpp" />
    <ClInclude Include="extern\songdownloader\shared\Types\BeatSaver\Beatmap.hpp" />
    <ClInclude Include="extern\songdownloader\shared\Types\BeatSaver\BeatmapCharacteristic.hpp" />
    <ClInclude Include="extern\songdownloader\shared\Types\BeatSaver\BeatmapCharacteristicDifficulty.hpp" />
    <ClInclude Include="extern\songdownloader\shared\Types\BeatSaver\Difficulties.hpp" />
    <ClInclude Include="extern\songdownloader\shared\Types\BeatSaver\Metadata.hpp" />
    <ClInclude Include="extern\songdownloader\shared\Types\BeatSaver\Page.hpp" />
    <ClInclude Include="extern\songdownloader\shared\Types\BeatSaver\Stats.hpp" />
    <ClInclude Include="extern\songdownloader\shared\Types\BeatSaver\User.hpp" />
    <ClInclude Include="extern\songdownloader\shared\Types\TypeMacros.hpp" />
    <ClInclude Include="extern\songdownloader\shared\BeatSaverAPI.hpp" />
    <ClInclude Include="extern\questui\shared\CustomTypes\Components\FloatingScreen\FloatingScreen.hpp" />
    <ClInclude Include="extern\questui\shared\CustomTypes\Components\FloatingScreen\FloatingScreenManager.hpp" />
    <ClInclude Include="extern\questui\shared\CustomTypes\Components\FloatingScreen\FloatingScreenMoverPointer.hpp" />
    <ClInclude Include="extern\questui\shared\CustomTypes\Components\Settings\IncrementSetting.hpp" />
    <ClInclude Include="extern\questui\shared\CustomTypes\Components\Backgroundable.hpp" />
    <ClInclude Include="extern\questui\shared\CustomTypes\Components\ExternalComponents.hpp" />
    <ClInclude Include="extern\questui\shared\CustomTypes\Components\MainThreadScheduler.hpp" />
    <ClInclude Include="extern\questui\shared\CustomTypes\Data\CustomDataType.hpp" />
    <ClInclude Include="extern\questui\shared\ArrayUtil.hpp" />
    <ClInclude Include="extern\questui\shared\BeatSaberUI.hpp" />
    <ClInclude Include="extern\questui\shared\eventmacros.hpp" />
    <ClInclude Include="extern\questui\shared\QuestUI.hpp" />
  </ItemGroup>
</Project>